
Microsoft Visual Studio Solution File, Format Version 12.00
# Visual Studio Version 17
VisualStudioVersion = 17.6.33815.320
MinimumVisualStudioVersion = 10.0.40219.1
Project("{8BC9CEB8-8B4A-11D0-8D11-00A0C91BC942}") = "Calculator", "Calculator\Calculator.vcxproj", "{7DBD8783-2874-48F2-88FF-C0D929115C54}"
EndProject
Project("{8BC9CEB8-8B4A-11D0-8D11-00A0C91BC942}") = "CalculatorTests", "CalculatorTests\CalculatorTests.vcxproj", "{A41EE9B1-B091-4A6B-90DE-50E082398893}"
EndProject
Global
	GlobalSection(SolutionConfigurationPlatforms) = preSolution
		Debug|x64 = Debug|x64
		Debug|x86 = Debug|x86
		Release|x64 = Release|x64
		Release|x86 = Release|x86
	EndGlobalSection
	GlobalSection(ProjectConfigurationPlatforms) = postSolution
		{7DBD8783-2874-48F2-88FF-C0D929115C54}.Debug|x64.ActiveCfg = Debug|x64
		{7DBD8783-2874-48F2-88FF-C0D929115C54}.Debug|x64.Build.0 = Debug|x64
		{7DBD8783-2874-48F2-88FF-C0D929115C54}.Debug|x86.ActiveCfg = Debug|Win32
		{7DBD8783-2874-48F2-88FF-C0D929115C54}.Debug|x86.Build.0 = Debug|Win32
		{7DBD8783-2874-48F2-88FF-C0D929115C54}.Release|x64.ActiveCfg = Release|x64
		{7DBD8783-2874-48F2-88FF-C0D929115C54}.Release|x64.Build.0 = Release|x64
		{7DBD8783-2874-48F2-88FF-C0D929115C54}.Release|x86.ActiveCfg = Release|Win32
		{7DBD8783-2874-48F2-88FF-C0D929115C54}.Release|x86.Build.0 = Release|Win32
		{A41EE9B1-B091-4A6B-90DE-50E082398893}.Debug|x64.ActiveCfg = Debug|x64
		{A41EE9B1-B091-4A6B-90DE-50E082398893}.Debug|x64.Build.0 = Debug|x64
		{A41EE9B1-B091-4A6B-90DE-50E082398893}.Debug|x86.ActiveCfg = Debug|Win32
		{A41EE9B1-B091-4A6B-90DE-50E082398893}.Debug|x86.Build.0 = Debug|Win32
		{A41EE9B1-B091-4A6B-90DE-50E082398893}.Release|x64.ActiveCfg = Release|x64
		{A41EE9B1-B091-4A6B-90DE-50E082398893}.Release|x64.Build.0 = Release|x64
		{A41EE9B1-B091-4A6B-90DE-50E082398893}.Release|x86.ActiveCfg = Release|Win32
		{A41EE9B1-B091-4A6B-90DE-50E082398893}.Release|x86.Build.0 = Release|Win32
	EndGlobalSection
	GlobalSection(SolutionProperties) = preSolution
		HideSolutionNode = FALSE
	EndGlobalSection
	GlobalSection(ExtensibilityGlobals) = postSolution
		SolutionGuid = {2BC23F4A-0437-4C01-871D-D01C9322F8FE}
	EndGlobalSection
EndGlobal
